// !$*UTF8*$!
{
	archiveVersion = 1;
	classes = {
	};
	objectVersion = 51;
	objects = {

/* Begin PBXBuildFile section */
		63018DA8247CD3EB0047C4C5 /* BubbleOfBubbles.swift in Sources */ = {isa = PBXBuildFile; fileRef = 63018DA7247CD3EB0047C4C5 /* BubbleOfBubbles.swift */; };
		63018DAA247CE62B0047C4C5 /* TypingBubble.swift in Sources */ = {isa = PBXBuildFile; fileRef = 63018DA9247CE62B0047C4C5 /* TypingBubble.swift */; };
		635FCD0C245023680083E984 /* ChatViewController.swift in Sources */ = {isa = PBXBuildFile; fileRef = 635FCD0B245023680083E984 /* ChatViewController.swift */; };
		635FCD0E245023CA0083E984 /* Classes.swift in Sources */ = {isa = PBXBuildFile; fileRef = 635FCD0D245023CA0083E984 /* Classes.swift */; };
		635FCD10245024090083E984 /* Bubble.swift in Sources */ = {isa = PBXBuildFile; fileRef = 635FCD0F245024090083E984 /* Bubble.swift */; };
		637C91E4247C06880059CA80 /* OptionBubble.swift in Sources */ = {isa = PBXBuildFile; fileRef = 637C91E3247C06880059CA80 /* OptionBubble.swift */; };
		63AFB927246A968D006EF9FD /* SideMenuCell.swift in Sources */ = {isa = PBXBuildFile; fileRef = 63AFB926246A968D006EF9FD /* SideMenuCell.swift */; };
		6C8549DDE252DFCCBB5CA858 /* Pods_Info_Med_Info_MedUITests.framework in Frameworks */ = {isa = PBXBuildFile; fileRef = 5C87819FFE14C234A687DCE9 /* Pods_Info_Med_Info_MedUITests.framework */; };
		6F838FA324813B3700BA4826 /* PasswordViewController.swift in Sources */ = {isa = PBXBuildFile; fileRef = 6F838FA224813B3700BA4826 /* PasswordViewController.swift */; };
		6F883CEE24889EAF0003BDBC /* CreditsViewController.swift in Sources */ = {isa = PBXBuildFile; fileRef = 6F883CED24889EAF0003BDBC /* CreditsViewController.swift */; };
		6FDD3AE3247DC5ED00025EC1 /* InfoTableViewController.swift in Sources */ = {isa = PBXBuildFile; fileRef = 6FDD3AE2247DC5ED00025EC1 /* InfoTableViewController.swift */; };
		DB65092BD89BEC084BA4A7D0 /* Pods_Info_MedTests.framework in Frameworks */ = {isa = PBXBuildFile; fileRef = 473FE9F490C1CFFBDFA1C6A0 /* Pods_Info_MedTests.framework */; };
		DC6ED911248099BF00E25137 /* HistoryTableViewController.swift in Sources */ = {isa = PBXBuildFile; fileRef = DC6ED910248099BF00E25137 /* HistoryTableViewController.swift */; };
		DC6ED9132480AA5700E25137 /* DetailHistoryTableViewController.swift in Sources */ = {isa = PBXBuildFile; fileRef = DC6ED9122480AA5700E25137 /* DetailHistoryTableViewController.swift */; };
		DC8384F6244E91FB00BA40AD /* AppDelegate.swift in Sources */ = {isa = PBXBuildFile; fileRef = DC8384F5244E91FB00BA40AD /* AppDelegate.swift */; };
		DC8384F8244E91FB00BA40AD /* SceneDelegate.swift in Sources */ = {isa = PBXBuildFile; fileRef = DC8384F7244E91FB00BA40AD /* SceneDelegate.swift */; };
		DC8384FD244E91FB00BA40AD /* Main.storyboard in Resources */ = {isa = PBXBuildFile; fileRef = DC8384FB244E91FB00BA40AD /* Main.storyboard */; };
		DC838500244E91FB00BA40AD /* Info_Med.xcdatamodeld in Sources */ = {isa = PBXBuildFile; fileRef = DC8384FE244E91FB00BA40AD /* Info_Med.xcdatamodeld */; };
		DC838502244E91FB00BA40AD /* Assets.xcassets in Resources */ = {isa = PBXBuildFile; fileRef = DC838501244E91FB00BA40AD /* Assets.xcassets */; };
		DC838505244E91FB00BA40AD /* LaunchScreen.storyboard in Resources */ = {isa = PBXBuildFile; fileRef = DC838503244E91FB00BA40AD /* LaunchScreen.storyboard */; };
		DC838510244E91FC00BA40AD /* Info_MedTests.swift in Sources */ = {isa = PBXBuildFile; fileRef = DC83850F244E91FC00BA40AD /* Info_MedTests.swift */; };
		DC83851B244E91FC00BA40AD /* Info_MedUITests.swift in Sources */ = {isa = PBXBuildFile; fileRef = DC83851A244E91FC00BA40AD /* Info_MedUITests.swift */; };
		DC9AC682247F741700BEED29 /* MenuView.swift in Sources */ = {isa = PBXBuildFile; fileRef = DC9AC681247F741700BEED29 /* MenuView.swift */; };
		DC9AC6842480626700BEED29 /* CustomTableViewHeaders.swift in Sources */ = {isa = PBXBuildFile; fileRef = DC9AC6832480626700BEED29 /* CustomTableViewHeaders.swift */; };
		DCB7F9C7244F78A300D8E9A8 /* LoginViewController.swift in Sources */ = {isa = PBXBuildFile; fileRef = DCB7F9C6244F78A300D8E9A8 /* LoginViewController.swift */; };
		DCB7F9C9244F7CC100D8E9A8 /* GoogleService-Info.plist in Resources */ = {isa = PBXBuildFile; fileRef = DCB7F9C8244F7CC000D8E9A8 /* GoogleService-Info.plist */; };
		DCB7F9CC244F9EFA00D8E9A8 /* Utilities.swift in Sources */ = {isa = PBXBuildFile; fileRef = DCB7F9CB244F9EFA00D8E9A8 /* Utilities.swift */; };
		DCB7F9CE244F9F5900D8E9A8 /* RegisterViewController.swift in Sources */ = {isa = PBXBuildFile; fileRef = DCB7F9CD244F9F5900D8E9A8 /* RegisterViewController.swift */; };
		DCB7F9D0244FB08900D8E9A8 /* Constants.swift in Sources */ = {isa = PBXBuildFile; fileRef = DCB7F9CF244FB08900D8E9A8 /* Constants.swift */; };
		DCF9D325246220C900F69F29 /* APIRequest.swift in Sources */ = {isa = PBXBuildFile; fileRef = DCF9D324246220C900F69F29 /* APIRequest.swift */; };
		DCF9D327246244F900F69F29 /* ResponseAPI.swift in Sources */ = {isa = PBXBuildFile; fileRef = DCF9D326246244F900F69F29 /* ResponseAPI.swift */; };
		FB5327AB28D4864FF569F7F3 /* Pods_Info_Med.framework in Frameworks */ = {isa = PBXBuildFile; fileRef = 3A66310D517DC1EBFE645DEA /* Pods_Info_Med.framework */; };
/* End PBXBuildFile section */

/* Begin PBXContainerItemProxy section */
		DC83850C244E91FB00BA40AD /* PBXContainerItemProxy */ = {
			isa = PBXContainerItemProxy;
			containerPortal = DC8384EA244E91FB00BA40AD /* Project object */;
			proxyType = 1;
			remoteGlobalIDString = DC8384F1244E91FB00BA40AD;
			remoteInfo = "Info-Med";
		};
		DC838517244E91FC00BA40AD /* PBXContainerItemProxy */ = {
			isa = PBXContainerItemProxy;
			containerPortal = DC8384EA244E91FB00BA40AD /* Project object */;
			proxyType = 1;
			remoteGlobalIDString = DC8384F1244E91FB00BA40AD;
			remoteInfo = "Info-Med";
		};
/* End PBXContainerItemProxy section */

/* Begin PBXFileReference section */
		1745D85E49C96EF51B8DA7BE /* Pods-Info-Med.release.xcconfig */ = {isa = PBXFileReference; includeInIndex = 1; lastKnownFileType = text.xcconfig; name = "Pods-Info-Med.release.xcconfig"; path = "Target Support Files/Pods-Info-Med/Pods-Info-Med.release.xcconfig"; sourceTree = "<group>"; };
		3A66310D517DC1EBFE645DEA /* Pods_Info_Med.framework */ = {isa = PBXFileReference; explicitFileType = wrapper.framework; includeInIndex = 0; path = Pods_Info_Med.framework; sourceTree = BUILT_PRODUCTS_DIR; };
		473FE9F490C1CFFBDFA1C6A0 /* Pods_Info_MedTests.framework */ = {isa = PBXFileReference; explicitFileType = wrapper.framework; includeInIndex = 0; path = Pods_Info_MedTests.framework; sourceTree = BUILT_PRODUCTS_DIR; };
		5C87819FFE14C234A687DCE9 /* Pods_Info_Med_Info_MedUITests.framework */ = {isa = PBXFileReference; explicitFileType = wrapper.framework; includeInIndex = 0; path = Pods_Info_Med_Info_MedUITests.framework; sourceTree = BUILT_PRODUCTS_DIR; };
		63018DA7247CD3EB0047C4C5 /* BubbleOfBubbles.swift */ = {isa = PBXFileReference; lastKnownFileType = sourcecode.swift; path = BubbleOfBubbles.swift; sourceTree = "<group>"; };
		63018DA9247CE62B0047C4C5 /* TypingBubble.swift */ = {isa = PBXFileReference; lastKnownFileType = sourcecode.swift; path = TypingBubble.swift; sourceTree = "<group>"; };
		635FCD0B245023680083E984 /* ChatViewController.swift */ = {isa = PBXFileReference; lastKnownFileType = sourcecode.swift; path = ChatViewController.swift; sourceTree = "<group>"; };
		635FCD0D245023CA0083E984 /* Classes.swift */ = {isa = PBXFileReference; lastKnownFileType = sourcecode.swift; name = Classes.swift; path = "Info-Med/Classes.swift"; sourceTree = SOURCE_ROOT; };
		635FCD0F245024090083E984 /* Bubble.swift */ = {isa = PBXFileReference; lastKnownFileType = sourcecode.swift; path = Bubble.swift; sourceTree = "<group>"; };
		637C91E3247C06880059CA80 /* OptionBubble.swift */ = {isa = PBXFileReference; lastKnownFileType = sourcecode.swift; path = OptionBubble.swift; sourceTree = "<group>"; };
		63AFB926246A968D006EF9FD /* SideMenuCell.swift */ = {isa = PBXFileReference; lastKnownFileType = sourcecode.swift; path = SideMenuCell.swift; sourceTree = "<group>"; };
		6F838FA224813B3700BA4826 /* PasswordViewController.swift */ = {isa = PBXFileReference; lastKnownFileType = sourcecode.swift; path = PasswordViewController.swift; sourceTree = "<group>"; };
		6F883CED24889EAF0003BDBC /* CreditsViewController.swift */ = {isa = PBXFileReference; lastKnownFileType = sourcecode.swift; path = CreditsViewController.swift; sourceTree = "<group>"; };
		6FD835AC9DFFB1A2444592E3 /* Pods-Info-Med-Info-MedUITests.release.xcconfig */ = {isa = PBXFileReference; includeInIndex = 1; lastKnownFileType = text.xcconfig; name = "Pods-Info-Med-Info-MedUITests.release.xcconfig"; path = "Target Support Files/Pods-Info-Med-Info-MedUITests/Pods-Info-Med-Info-MedUITests.release.xcconfig"; sourceTree = "<group>"; };
		6FDD3AE2247DC5ED00025EC1 /* InfoTableViewController.swift */ = {isa = PBXFileReference; lastKnownFileType = sourcecode.swift; path = InfoTableViewController.swift; sourceTree = "<group>"; };
		78DD32B7A751FD85306DBE8F /* Pods-Info-Med-Info-MedUITests.debug.xcconfig */ = {isa = PBXFileReference; includeInIndex = 1; lastKnownFileType = text.xcconfig; name = "Pods-Info-Med-Info-MedUITests.debug.xcconfig"; path = "Target Support Files/Pods-Info-Med-Info-MedUITests/Pods-Info-Med-Info-MedUITests.debug.xcconfig"; sourceTree = "<group>"; };
		A408450063D2290428FAA4B4 /* Pods-Info-MedTests.debug.xcconfig */ = {isa = PBXFileReference; includeInIndex = 1; lastKnownFileType = text.xcconfig; name = "Pods-Info-MedTests.debug.xcconfig"; path = "Target Support Files/Pods-Info-MedTests/Pods-Info-MedTests.debug.xcconfig"; sourceTree = "<group>"; };
		CC530C47578044D97EE7F522 /* Pods-Info-MedTests.release.xcconfig */ = {isa = PBXFileReference; includeInIndex = 1; lastKnownFileType = text.xcconfig; name = "Pods-Info-MedTests.release.xcconfig"; path = "Target Support Files/Pods-Info-MedTests/Pods-Info-MedTests.release.xcconfig"; sourceTree = "<group>"; };
		DC6ED910248099BF00E25137 /* HistoryTableViewController.swift */ = {isa = PBXFileReference; lastKnownFileType = sourcecode.swift; path = HistoryTableViewController.swift; sourceTree = "<group>"; };
		DC6ED9122480AA5700E25137 /* DetailHistoryTableViewController.swift */ = {isa = PBXFileReference; lastKnownFileType = sourcecode.swift; path = DetailHistoryTableViewController.swift; sourceTree = "<group>"; };
		DC8384F2244E91FB00BA40AD /* Info-Med.app */ = {isa = PBXFileReference; explicitFileType = wrapper.application; includeInIndex = 0; path = "Info-Med.app"; sourceTree = BUILT_PRODUCTS_DIR; };
		DC8384F5244E91FB00BA40AD /* AppDelegate.swift */ = {isa = PBXFileReference; lastKnownFileType = sourcecode.swift; path = AppDelegate.swift; sourceTree = "<group>"; };
		DC8384F7244E91FB00BA40AD /* SceneDelegate.swift */ = {isa = PBXFileReference; lastKnownFileType = sourcecode.swift; path = SceneDelegate.swift; sourceTree = "<group>"; };
		DC8384FC244E91FB00BA40AD /* Base */ = {isa = PBXFileReference; lastKnownFileType = file.storyboard; name = Base; path = Base.lproj/Main.storyboard; sourceTree = "<group>"; };
		DC8384FF244E91FB00BA40AD /* Info_Med.xcdatamodel */ = {isa = PBXFileReference; lastKnownFileType = wrapper.xcdatamodel; path = Info_Med.xcdatamodel; sourceTree = "<group>"; };
		DC838501244E91FB00BA40AD /* Assets.xcassets */ = {isa = PBXFileReference; lastKnownFileType = folder.assetcatalog; path = Assets.xcassets; sourceTree = "<group>"; };
		DC838504244E91FB00BA40AD /* Base */ = {isa = PBXFileReference; lastKnownFileType = file.storyboard; name = Base; path = Base.lproj/LaunchScreen.storyboard; sourceTree = "<group>"; };
		DC838506244E91FB00BA40AD /* Info.plist */ = {isa = PBXFileReference; lastKnownFileType = text.plist.xml; path = Info.plist; sourceTree = "<group>"; };
		DC83850B244E91FB00BA40AD /* Info-MedTests.xctest */ = {isa = PBXFileReference; explicitFileType = wrapper.cfbundle; includeInIndex = 0; path = "Info-MedTests.xctest"; sourceTree = BUILT_PRODUCTS_DIR; };
		DC83850F244E91FC00BA40AD /* Info_MedTests.swift */ = {isa = PBXFileReference; lastKnownFileType = sourcecode.swift; path = Info_MedTests.swift; sourceTree = "<group>"; };
		DC838511244E91FC00BA40AD /* Info.plist */ = {isa = PBXFileReference; lastKnownFileType = text.plist.xml; path = Info.plist; sourceTree = "<group>"; };
		DC838516244E91FC00BA40AD /* Info-MedUITests.xctest */ = {isa = PBXFileReference; explicitFileType = wrapper.cfbundle; includeInIndex = 0; path = "Info-MedUITests.xctest"; sourceTree = BUILT_PRODUCTS_DIR; };
		DC83851A244E91FC00BA40AD /* Info_MedUITests.swift */ = {isa = PBXFileReference; lastKnownFileType = sourcecode.swift; path = Info_MedUITests.swift; sourceTree = "<group>"; };
		DC83851C244E91FC00BA40AD /* Info.plist */ = {isa = PBXFileReference; lastKnownFileType = text.plist.xml; path = Info.plist; sourceTree = "<group>"; };
		DC9AC681247F741700BEED29 /* MenuView.swift */ = {isa = PBXFileReference; lastKnownFileType = sourcecode.swift; path = MenuView.swift; sourceTree = "<group>"; };
		DC9AC6832480626700BEED29 /* CustomTableViewHeaders.swift */ = {isa = PBXFileReference; lastKnownFileType = sourcecode.swift; path = CustomTableViewHeaders.swift; sourceTree = "<group>"; };
		DCB7F9C6244F78A300D8E9A8 /* LoginViewController.swift */ = {isa = PBXFileReference; lastKnownFileType = sourcecode.swift; path = LoginViewController.swift; sourceTree = "<group>"; };
		DCB7F9C8244F7CC000D8E9A8 /* GoogleService-Info.plist */ = {isa = PBXFileReference; fileEncoding = 4; lastKnownFileType = text.plist.xml; path = "GoogleService-Info.plist"; sourceTree = "<group>"; };
		DCB7F9CB244F9EFA00D8E9A8 /* Utilities.swift */ = {isa = PBXFileReference; lastKnownFileType = sourcecode.swift; path = Utilities.swift; sourceTree = "<group>"; };
		DCB7F9CD244F9F5900D8E9A8 /* RegisterViewController.swift */ = {isa = PBXFileReference; lastKnownFileType = sourcecode.swift; path = RegisterViewController.swift; sourceTree = "<group>"; };
		DCB7F9CF244FB08900D8E9A8 /* Constants.swift */ = {isa = PBXFileReference; lastKnownFileType = sourcecode.swift; path = Constants.swift; sourceTree = "<group>"; };
		DCF9D324246220C900F69F29 /* APIRequest.swift */ = {isa = PBXFileReference; lastKnownFileType = sourcecode.swift; path = APIRequest.swift; sourceTree = "<group>"; };
		DCF9D326246244F900F69F29 /* ResponseAPI.swift */ = {isa = PBXFileReference; lastKnownFileType = sourcecode.swift; path = ResponseAPI.swift; sourceTree = "<group>"; };
		F33507A55DF10063C676242A /* Pods-Info-Med.debug.xcconfig */ = {isa = PBXFileReference; includeInIndex = 1; lastKnownFileType = text.xcconfig; name = "Pods-Info-Med.debug.xcconfig"; path = "Target Support Files/Pods-Info-Med/Pods-Info-Med.debug.xcconfig"; sourceTree = "<group>"; };
/* End PBXFileReference section */

/* Begin PBXFrameworksBuildPhase section */
		DC8384EF244E91FB00BA40AD /* Frameworks */ = {
			isa = PBXFrameworksBuildPhase;
			buildActionMask = 2147483647;
			files = (
				FB5327AB28D4864FF569F7F3 /* Pods_Info_Med.framework in Frameworks */,
			);
			runOnlyForDeploymentPostprocessing = 0;
		};
		DC838508244E91FB00BA40AD /* Frameworks */ = {
			isa = PBXFrameworksBuildPhase;
			buildActionMask = 2147483647;
			files = (
				DB65092BD89BEC084BA4A7D0 /* Pods_Info_MedTests.framework in Frameworks */,
			);
			runOnlyForDeploymentPostprocessing = 0;
		};
		DC838513244E91FC00BA40AD /* Frameworks */ = {
			isa = PBXFrameworksBuildPhase;
			buildActionMask = 2147483647;
			files = (
				6C8549DDE252DFCCBB5CA858 /* Pods_Info_Med_Info_MedUITests.framework in Frameworks */,
			);
			runOnlyForDeploymentPostprocessing = 0;
		};
/* End PBXFrameworksBuildPhase section */

/* Begin PBXGroup section */
		1F96950D32905A0605963858 /* Pods */ = {
			isa = PBXGroup;
			children = (
				F33507A55DF10063C676242A /* Pods-Info-Med.debug.xcconfig */,
				1745D85E49C96EF51B8DA7BE /* Pods-Info-Med.release.xcconfig */,
				78DD32B7A751FD85306DBE8F /* Pods-Info-Med-Info-MedUITests.debug.xcconfig */,
				6FD835AC9DFFB1A2444592E3 /* Pods-Info-Med-Info-MedUITests.release.xcconfig */,
				A408450063D2290428FAA4B4 /* Pods-Info-MedTests.debug.xcconfig */,
				CC530C47578044D97EE7F522 /* Pods-Info-MedTests.release.xcconfig */,
			);
			path = Pods;
			sourceTree = "<group>";
		};
		86BDD1D0156F3C6295DB2064 /* Frameworks */ = {
			isa = PBXGroup;
			children = (
				3A66310D517DC1EBFE645DEA /* Pods_Info_Med.framework */,
				5C87819FFE14C234A687DCE9 /* Pods_Info_Med_Info_MedUITests.framework */,
				473FE9F490C1CFFBDFA1C6A0 /* Pods_Info_MedTests.framework */,
			);
			name = Frameworks;
			sourceTree = "<group>";
		};
		DC8384E9244E91FB00BA40AD = {
			isa = PBXGroup;
			children = (
				DC8384F4244E91FB00BA40AD /* Info-Med */,
				DC83850E244E91FB00BA40AD /* Info-MedTests */,
				DC838519244E91FC00BA40AD /* Info-MedUITests */,
				DC8384F3244E91FB00BA40AD /* Products */,
				1F96950D32905A0605963858 /* Pods */,
				86BDD1D0156F3C6295DB2064 /* Frameworks */,
			);
			sourceTree = "<group>";
		};
		DC8384F3244E91FB00BA40AD /* Products */ = {
			isa = PBXGroup;
			children = (
				DC8384F2244E91FB00BA40AD /* Info-Med.app */,
				DC83850B244E91FB00BA40AD /* Info-MedTests.xctest */,
				DC838516244E91FC00BA40AD /* Info-MedUITests.xctest */,
			);
			name = Products;
			sourceTree = "<group>";
		};
		DC8384F4244E91FB00BA40AD /* Info-Med */ = {
			isa = PBXGroup;
			children = (
				DCB7F9CA244F9EE400D8E9A8 /* Helpers */,
				DCB7F9C5244F782100D8E9A8 /* View Controllers */,
				DC8384FB244E91FB00BA40AD /* Main.storyboard */,
				DC838501244E91FB00BA40AD /* Assets.xcassets */,
				DC8384F5244E91FB00BA40AD /* AppDelegate.swift */,
				DC838503244E91FB00BA40AD /* LaunchScreen.storyboard */,
				DC8384F7244E91FB00BA40AD /* SceneDelegate.swift */,
				DC838506244E91FB00BA40AD /* Info.plist */,
				DC8384FE244E91FB00BA40AD /* Info_Med.xcdatamodeld */,
				DCB7F9C8244F7CC000D8E9A8 /* GoogleService-Info.plist */,
			);
			path = "Info-Med";
			sourceTree = "<group>";
		};
		DC83850E244E91FB00BA40AD /* Info-MedTests */ = {
			isa = PBXGroup;
			children = (
				DC83850F244E91FC00BA40AD /* Info_MedTests.swift */,
				DC838511244E91FC00BA40AD /* Info.plist */,
			);
			path = "Info-MedTests";
			sourceTree = "<group>";
		};
		DC838519244E91FC00BA40AD /* Info-MedUITests */ = {
			isa = PBXGroup;
			children = (
				DC83851A244E91FC00BA40AD /* Info_MedUITests.swift */,
				DC83851C244E91FC00BA40AD /* Info.plist */,
			);
			path = "Info-MedUITests";
			sourceTree = "<group>";
		};
		DCB7F9C5244F782100D8E9A8 /* View Controllers */ = {
			isa = PBXGroup;
			children = (
				635FCD0B245023680083E984 /* ChatViewController.swift */,
				6FDD3AE2247DC5ED00025EC1 /* InfoTableViewController.swift */,
				DCB7F9C6244F78A300D8E9A8 /* LoginViewController.swift */,
				DCB7F9CD244F9F5900D8E9A8 /* RegisterViewController.swift */,
				DC6ED910248099BF00E25137 /* HistoryTableViewController.swift */,
				DC6ED9122480AA5700E25137 /* DetailHistoryTableViewController.swift */,
				6F838FA224813B3700BA4826 /* PasswordViewController.swift */,
				6F883CED24889EAF0003BDBC /* CreditsViewController.swift */,
			);
			path = "View Controllers";
			sourceTree = "<group>";
		};
		DCB7F9CA244F9EE400D8E9A8 /* Helpers */ = {
			isa = PBXGroup;
			children = (
				DCB7F9CB244F9EFA00D8E9A8 /* Utilities.swift */,
				DCB7F9CF244FB08900D8E9A8 /* Constants.swift */,
				635FCD0D245023CA0083E984 /* Classes.swift */,
				635FCD0F245024090083E984 /* Bubble.swift */,
				637C91E3247C06880059CA80 /* OptionBubble.swift */,
				63018DA7247CD3EB0047C4C5 /* BubbleOfBubbles.swift */,
				63018DA9247CE62B0047C4C5 /* TypingBubble.swift */,
				63AFB926246A968D006EF9FD /* SideMenuCell.swift */,
				DC9AC681247F741700BEED29 /* MenuView.swift */,
				DC9AC6832480626700BEED29 /* CustomTableViewHeaders.swift */,
				DCF9D326246244F900F69F29 /* ResponseAPI.swift */,
				DCF9D324246220C900F69F29 /* APIRequest.swift */,
			);
			path = Helpers;
			sourceTree = "<group>";
		};
/* End PBXGroup section */

/* Begin PBXNativeTarget section */
		DC8384F1244E91FB00BA40AD /* Info-Med */ = {
			isa = PBXNativeTarget;
			buildConfigurationList = DC83851F244E91FC00BA40AD /* Build configuration list for PBXNativeTarget "Info-Med" */;
			buildPhases = (
				D35B1453291B691D3218411A /* [CP] Check Pods Manifest.lock */,
				DC8384EE244E91FB00BA40AD /* Sources */,
				DC8384EF244E91FB00BA40AD /* Frameworks */,
				DC8384F0244E91FB00BA40AD /* Resources */,
				039D70F75FD59F5F3B0D2226 /* [CP] Embed Pods Frameworks */,
			);
			buildRules = (
			);
			dependencies = (
			);
			name = "Info-Med";
			productName = "Info-Med";
			productReference = DC8384F2244E91FB00BA40AD /* Info-Med.app */;
			productType = "com.apple.product-type.application";
		};
		DC83850A244E91FB00BA40AD /* Info-MedTests */ = {
			isa = PBXNativeTarget;
			buildConfigurationList = DC838522244E91FC00BA40AD /* Build configuration list for PBXNativeTarget "Info-MedTests" */;
			buildPhases = (
				6ADBE1CF5C5C7D3FDB4BAFAA /* [CP] Check Pods Manifest.lock */,
				DC838507244E91FB00BA40AD /* Sources */,
				DC838508244E91FB00BA40AD /* Frameworks */,
				DC838509244E91FB00BA40AD /* Resources */,
			);
			buildRules = (
			);
			dependencies = (
				DC83850D244E91FB00BA40AD /* PBXTargetDependency */,
			);
			name = "Info-MedTests";
			productName = "Info-MedTests";
			productReference = DC83850B244E91FB00BA40AD /* Info-MedTests.xctest */;
			productType = "com.apple.product-type.bundle.unit-test";
		};
		DC838515244E91FC00BA40AD /* Info-MedUITests */ = {
			isa = PBXNativeTarget;
			buildConfigurationList = DC838525244E91FC00BA40AD /* Build configuration list for PBXNativeTarget "Info-MedUITests" */;
			buildPhases = (
				ABE1EA42604181ABE5F816C4 /* [CP] Check Pods Manifest.lock */,
				DC838512244E91FC00BA40AD /* Sources */,
				DC838513244E91FC00BA40AD /* Frameworks */,
				DC838514244E91FC00BA40AD /* Resources */,
				7D512B02ED40701E6420684D /* [CP] Embed Pods Frameworks */,
			);
			buildRules = (
			);
			dependencies = (
				DC838518244E91FC00BA40AD /* PBXTargetDependency */,
			);
			name = "Info-MedUITests";
			productName = "Info-MedUITests";
			productReference = DC838516244E91FC00BA40AD /* Info-MedUITests.xctest */;
			productType = "com.apple.product-type.bundle.ui-testing";
		};
/* End PBXNativeTarget section */

/* Begin PBXProject section */
		DC8384EA244E91FB00BA40AD /* Project object */ = {
			isa = PBXProject;
			attributes = {
				LastSwiftUpdateCheck = 1130;
				LastUpgradeCheck = 1130;
				ORGANIZATIONNAME = "Tecnológico de Monterrey";
				TargetAttributes = {
					DC8384F1244E91FB00BA40AD = {
						CreatedOnToolsVersion = 11.3.1;
					};
					DC83850A244E91FB00BA40AD = {
						CreatedOnToolsVersion = 11.3.1;
						TestTargetID = DC8384F1244E91FB00BA40AD;
					};
					DC838515244E91FC00BA40AD = {
						CreatedOnToolsVersion = 11.3.1;
						TestTargetID = DC8384F1244E91FB00BA40AD;
					};
				};
			};
			buildConfigurationList = DC8384ED244E91FB00BA40AD /* Build configuration list for PBXProject "Info-Med" */;
			compatibilityVersion = "Xcode 9.3";
			developmentRegion = en;
			hasScannedForEncodings = 0;
			knownRegions = (
				en,
				Base,
			);
			mainGroup = DC8384E9244E91FB00BA40AD;
			productRefGroup = DC8384F3244E91FB00BA40AD /* Products */;
			projectDirPath = "";
			projectRoot = "";
			targets = (
				DC8384F1244E91FB00BA40AD /* Info-Med */,
				DC83850A244E91FB00BA40AD /* Info-MedTests */,
				DC838515244E91FC00BA40AD /* Info-MedUITests */,
			);
		};
/* End PBXProject section */

/* Begin PBXResourcesBuildPhase section */
		DC8384F0244E91FB00BA40AD /* Resources */ = {
			isa = PBXResourcesBuildPhase;
			buildActionMask = 2147483647;
			files = (
				DC838505244E91FB00BA40AD /* LaunchScreen.storyboard in Resources */,
				DCB7F9C9244F7CC100D8E9A8 /* GoogleService-Info.plist in Resources */,
				DC838502244E91FB00BA40AD /* Assets.xcassets in Resources */,
				DC8384FD244E91FB00BA40AD /* Main.storyboard in Resources */,
			);
			runOnlyForDeploymentPostprocessing = 0;
		};
		DC838509244E91FB00BA40AD /* Resources */ = {
			isa = PBXResourcesBuildPhase;
			buildActionMask = 2147483647;
			files = (
			);
			runOnlyForDeploymentPostprocessing = 0;
		};
		DC838514244E91FC00BA40AD /* Resources */ = {
			isa = PBXResourcesBuildPhase;
			buildActionMask = 2147483647;
			files = (
			);
			runOnlyForDeploymentPostprocessing = 0;
		};
/* End PBXResourcesBuildPhase section */

/* Begin PBXShellScriptBuildPhase section */
		039D70F75FD59F5F3B0D2226 /* [CP] Embed Pods Frameworks */ = {
			isa = PBXShellScriptBuildPhase;
			buildActionMask = 2147483647;
			files = (
			);
			inputFileListPaths = (
				"${PODS_ROOT}/Target Support Files/Pods-Info-Med/Pods-Info-Med-frameworks-${CONFIGURATION}-input-files.xcfilelist",
			);
			name = "[CP] Embed Pods Frameworks";
			outputFileListPaths = (
				"${PODS_ROOT}/Target Support Files/Pods-Info-Med/Pods-Info-Med-frameworks-${CONFIGURATION}-output-files.xcfilelist",
			);
			runOnlyForDeploymentPostprocessing = 0;
			shellPath = /bin/sh;
			shellScript = "\"${PODS_ROOT}/Target Support Files/Pods-Info-Med/Pods-Info-Med-frameworks.sh\"\n";
			showEnvVarsInLog = 0;
		};
		6ADBE1CF5C5C7D3FDB4BAFAA /* [CP] Check Pods Manifest.lock */ = {
			isa = PBXShellScriptBuildPhase;
			buildActionMask = 2147483647;
			files = (
			);
			inputFileListPaths = (
			);
			inputPaths = (
				"${PODS_PODFILE_DIR_PATH}/Podfile.lock",
				"${PODS_ROOT}/Manifest.lock",
			);
			name = "[CP] Check Pods Manifest.lock";
			outputFileListPaths = (
			);
			outputPaths = (
				"$(DERIVED_FILE_DIR)/Pods-Info-MedTests-checkManifestLockResult.txt",
			);
			runOnlyForDeploymentPostprocessing = 0;
			shellPath = /bin/sh;
			shellScript = "diff \"${PODS_PODFILE_DIR_PATH}/Podfile.lock\" \"${PODS_ROOT}/Manifest.lock\" > /dev/null\nif [ $? != 0 ] ; then\n    # print error to STDERR\n    echo \"error: The sandbox is not in sync with the Podfile.lock. Run 'pod install' or update your CocoaPods installation.\" >&2\n    exit 1\nfi\n# This output is used by Xcode 'outputs' to avoid re-running this script phase.\necho \"SUCCESS\" > \"${SCRIPT_OUTPUT_FILE_0}\"\n";
			showEnvVarsInLog = 0;
		};
		7D512B02ED40701E6420684D /* [CP] Embed Pods Frameworks */ = {
			isa = PBXShellScriptBuildPhase;
			buildActionMask = 2147483647;
			files = (
			);
			inputFileListPaths = (
				"${PODS_ROOT}/Target Support Files/Pods-Info-Med-Info-MedUITests/Pods-Info-Med-Info-MedUITests-frameworks-${CONFIGURATION}-input-files.xcfilelist",
			);
			name = "[CP] Embed Pods Frameworks";
			outputFileListPaths = (
				"${PODS_ROOT}/Target Support Files/Pods-Info-Med-Info-MedUITests/Pods-Info-Med-Info-MedUITests-frameworks-${CONFIGURATION}-output-files.xcfilelist",
			);
			runOnlyForDeploymentPostprocessing = 0;
			shellPath = /bin/sh;
			shellScript = "\"${PODS_ROOT}/Target Support Files/Pods-Info-Med-Info-MedUITests/Pods-Info-Med-Info-MedUITests-frameworks.sh\"\n";
			showEnvVarsInLog = 0;
		};
		ABE1EA42604181ABE5F816C4 /* [CP] Check Pods Manifest.lock */ = {
			isa = PBXShellScriptBuildPhase;
			buildActionMask = 2147483647;
			files = (
			);
			inputFileListPaths = (
			);
			inputPaths = (
				"${PODS_PODFILE_DIR_PATH}/Podfile.lock",
				"${PODS_ROOT}/Manifest.lock",
			);
			name = "[CP] Check Pods Manifest.lock";
			outputFileListPaths = (
			);
			outputPaths = (
				"$(DERIVED_FILE_DIR)/Pods-Info-Med-Info-MedUITests-checkManifestLockResult.txt",
			);
			runOnlyForDeploymentPostprocessing = 0;
			shellPath = /bin/sh;
			shellScript = "diff \"${PODS_PODFILE_DIR_PATH}/Podfile.lock\" \"${PODS_ROOT}/Manifest.lock\" > /dev/null\nif [ $? != 0 ] ; then\n    # print error to STDERR\n    echo \"error: The sandbox is not in sync with the Podfile.lock. Run 'pod install' or update your CocoaPods installation.\" >&2\n    exit 1\nfi\n# This output is used by Xcode 'outputs' to avoid re-running this script phase.\necho \"SUCCESS\" > \"${SCRIPT_OUTPUT_FILE_0}\"\n";
			showEnvVarsInLog = 0;
		};
		D35B1453291B691D3218411A /* [CP] Check Pods Manifest.lock */ = {
			isa = PBXShellScriptBuildPhase;
			buildActionMask = 2147483647;
			files = (
			);
			inputFileListPaths = (
			);
			inputPaths = (
				"${PODS_PODFILE_DIR_PATH}/Podfile.lock",
				"${PODS_ROOT}/Manifest.lock",
			);
			name = "[CP] Check Pods Manifest.lock";
			outputFileListPaths = (
			);
			outputPaths = (
				"$(DERIVED_FILE_DIR)/Pods-Info-Med-checkManifestLockResult.txt",
			);
			runOnlyForDeploymentPostprocessing = 0;
			shellPath = /bin/sh;
			shellScript = "diff \"${PODS_PODFILE_DIR_PATH}/Podfile.lock\" \"${PODS_ROOT}/Manifest.lock\" > /dev/null\nif [ $? != 0 ] ; then\n    # print error to STDERR\n    echo \"error: The sandbox is not in sync with the Podfile.lock. Run 'pod install' or update your CocoaPods installation.\" >&2\n    exit 1\nfi\n# This output is used by Xcode 'outputs' to avoid re-running this script phase.\necho \"SUCCESS\" > \"${SCRIPT_OUTPUT_FILE_0}\"\n";
			showEnvVarsInLog = 0;
		};
/* End PBXShellScriptBuildPhase section */

/* Begin PBXSourcesBuildPhase section */
		DC8384EE244E91FB00BA40AD /* Sources */ = {
			isa = PBXSourcesBuildPhase;
			buildActionMask = 2147483647;
			files = (
				63018DAA247CE62B0047C4C5 /* TypingBubble.swift in Sources */,
				63018DA8247CD3EB0047C4C5 /* BubbleOfBubbles.swift in Sources */,
				DCB7F9C7244F78A300D8E9A8 /* LoginViewController.swift in Sources */,
				6F838FA324813B3700BA4826 /* PasswordViewController.swift in Sources */,
				6FDD3AE3247DC5ED00025EC1 /* InfoTableViewController.swift in Sources */,
				63AFB927246A968D006EF9FD /* SideMenuCell.swift in Sources */,
				DC9AC6842480626700BEED29 /* CustomTableViewHeaders.swift in Sources */,
				6F883CEE24889EAF0003BDBC /* CreditsViewController.swift in Sources */,
				DC8384F6244E91FB00BA40AD /* AppDelegate.swift in Sources */,
				DC838500244E91FB00BA40AD /* Info_Med.xcdatamodeld in Sources */,
				DCB7F9CE244F9F5900D8E9A8 /* RegisterViewController.swift in Sources */,
				DC9AC682247F741700BEED29 /* MenuView.swift in Sources */,
				DCB7F9D0244FB08900D8E9A8 /* Constants.swift in Sources */,
				635FCD10245024090083E984 /* Bubble.swift in Sources */,
				DCB7F9CC244F9EFA00D8E9A8 /* Utilities.swift in Sources */,
				DC6ED911248099BF00E25137 /* HistoryTableViewController.swift in Sources */,
				DCF9D327246244F900F69F29 /* ResponseAPI.swift in Sources */,
				DC6ED9132480AA5700E25137 /* DetailHistoryTableViewController.swift in Sources */,
				DCF9D325246220C900F69F29 /* APIRequest.swift in Sources */,
				635FCD0E245023CA0083E984 /* Classes.swift in Sources */,
				635FCD0C245023680083E984 /* ChatViewController.swift in Sources */,
				637C91E4247C06880059CA80 /* OptionBubble.swift in Sources */,
				DC8384F8244E91FB00BA40AD /* SceneDelegate.swift in Sources */,
			);
			runOnlyForDeploymentPostprocessing = 0;
		};
		DC838507244E91FB00BA40AD /* Sources */ = {
			isa = PBXSourcesBuildPhase;
			buildActionMask = 2147483647;
			files = (
				DC838510244E91FC00BA40AD /* Info_MedTests.swift in Sources */,
			);
			runOnlyForDeploymentPostprocessing = 0;
		};
		DC838512244E91FC00BA40AD /* Sources */ = {
			isa = PBXSourcesBuildPhase;
			buildActionMask = 2147483647;
			files = (
				DC83851B244E91FC00BA40AD /* Info_MedUITests.swift in Sources */,
			);
			runOnlyForDeploymentPostprocessing = 0;
		};
/* End PBXSourcesBuildPhase section */

/* Begin PBXTargetDependency section */
		DC83850D244E91FB00BA40AD /* PBXTargetDependency */ = {
			isa = PBXTargetDependency;
			target = DC8384F1244E91FB00BA40AD /* Info-Med */;
			targetProxy = DC83850C244E91FB00BA40AD /* PBXContainerItemProxy */;
		};
		DC838518244E91FC00BA40AD /* PBXTargetDependency */ = {
			isa = PBXTargetDependency;
			target = DC8384F1244E91FB00BA40AD /* Info-Med */;
			targetProxy = DC838517244E91FC00BA40AD /* PBXContainerItemProxy */;
		};
/* End PBXTargetDependency section */

/* Begin PBXVariantGroup section */
		DC8384FB244E91FB00BA40AD /* Main.storyboard */ = {
			isa = PBXVariantGroup;
			children = (
				DC8384FC244E91FB00BA40AD /* Base */,
			);
			name = Main.storyboard;
			sourceTree = "<group>";
		};
		DC838503244E91FB00BA40AD /* LaunchScreen.storyboard */ = {
			isa = PBXVariantGroup;
			children = (
				DC838504244E91FB00BA40AD /* Base */,
			);
			name = LaunchScreen.storyboard;
			sourceTree = "<group>";
		};
/* End PBXVariantGroup section */

/* Begin XCBuildConfiguration section */
		DC83851D244E91FC00BA40AD /* Debug */ = {
			isa = XCBuildConfiguration;
			buildSettings = {
				ALWAYS_SEARCH_USER_PATHS = NO;
				CLANG_ANALYZER_NONNULL = YES;
				CLANG_ANALYZER_NUMBER_OBJECT_CONVERSION = YES_AGGRESSIVE;
				CLANG_CXX_LANGUAGE_STANDARD = "gnu++14";
				CLANG_CXX_LIBRARY = "libc++";
				CLANG_ENABLE_MODULES = YES;
				CLANG_ENABLE_OBJC_ARC = YES;
				CLANG_ENABLE_OBJC_WEAK = YES;
				CLANG_WARN_BLOCK_CAPTURE_AUTORELEASING = YES;
				CLANG_WARN_BOOL_CONVERSION = YES;
				CLANG_WARN_COMMA = YES;
				CLANG_WARN_CONSTANT_CONVERSION = YES;
				CLANG_WARN_DEPRECATED_OBJC_IMPLEMENTATIONS = YES;
				CLANG_WARN_DIRECT_OBJC_ISA_USAGE = YES_ERROR;
				CLANG_WARN_DOCUMENTATION_COMMENTS = YES;
				CLANG_WARN_EMPTY_BODY = YES;
				CLANG_WARN_ENUM_CONVERSION = YES;
				CLANG_WARN_INFINITE_RECURSION = YES;
				CLANG_WARN_INT_CONVERSION = YES;
				CLANG_WARN_NON_LITERAL_NULL_CONVERSION = YES;
				CLANG_WARN_OBJC_IMPLICIT_RETAIN_SELF = YES;
				CLANG_WARN_OBJC_LITERAL_CONVERSION = YES;
				CLANG_WARN_OBJC_ROOT_CLASS = YES_ERROR;
				CLANG_WARN_RANGE_LOOP_ANALYSIS = YES;
				CLANG_WARN_STRICT_PROTOTYPES = YES;
				CLANG_WARN_SUSPICIOUS_MOVE = YES;
				CLANG_WARN_UNGUARDED_AVAILABILITY = YES_AGGRESSIVE;
				CLANG_WARN_UNREACHABLE_CODE = YES;
				CLANG_WARN__DUPLICATE_METHOD_MATCH = YES;
				COPY_PHASE_STRIP = NO;
				DEBUG_INFORMATION_FORMAT = dwarf;
				ENABLE_STRICT_OBJC_MSGSEND = YES;
				ENABLE_TESTABILITY = YES;
				GCC_C_LANGUAGE_STANDARD = gnu11;
				GCC_DYNAMIC_NO_PIC = NO;
				GCC_NO_COMMON_BLOCKS = YES;
				GCC_OPTIMIZATION_LEVEL = 0;
				GCC_PREPROCESSOR_DEFINITIONS = (
					"DEBUG=1",
					"$(inherited)",
				);
				GCC_WARN_64_TO_32_BIT_CONVERSION = YES;
				GCC_WARN_ABOUT_RETURN_TYPE = YES_ERROR;
				GCC_WARN_UNDECLARED_SELECTOR = YES;
				GCC_WARN_UNINITIALIZED_AUTOS = YES_AGGRESSIVE;
				GCC_WARN_UNUSED_FUNCTION = YES;
				GCC_WARN_UNUSED_VARIABLE = YES;
				IPHONEOS_DEPLOYMENT_TARGET = 13.2;
				MTL_ENABLE_DEBUG_INFO = INCLUDE_SOURCE;
				MTL_FAST_MATH = YES;
				ONLY_ACTIVE_ARCH = YES;
				SDKROOT = iphoneos;
				SWIFT_ACTIVE_COMPILATION_CONDITIONS = DEBUG;
				SWIFT_OPTIMIZATION_LEVEL = "-Onone";
			};
			name = Debug;
		};
		DC83851E244E91FC00BA40AD /* Release */ = {
			isa = XCBuildConfiguration;
			buildSettings = {
				ALWAYS_SEARCH_USER_PATHS = NO;
				CLANG_ANALYZER_NONNULL = YES;
				CLANG_ANALYZER_NUMBER_OBJECT_CONVERSION = YES_AGGRESSIVE;
				CLANG_CXX_LANGUAGE_STANDARD = "gnu++14";
				CLANG_CXX_LIBRARY = "libc++";
				CLANG_ENABLE_MODULES = YES;
				CLANG_ENABLE_OBJC_ARC = YES;
				CLANG_ENABLE_OBJC_WEAK = YES;
				CLANG_WARN_BLOCK_CAPTURE_AUTORELEASING = YES;
				CLANG_WARN_BOOL_CONVERSION = YES;
				CLANG_WARN_COMMA = YES;
				CLANG_WARN_CONSTANT_CONVERSION = YES;
				CLANG_WARN_DEPRECATED_OBJC_IMPLEMENTATIONS = YES;
				CLANG_WARN_DIRECT_OBJC_ISA_USAGE = YES_ERROR;
				CLANG_WARN_DOCUMENTATION_COMMENTS = YES;
				CLANG_WARN_EMPTY_BODY = YES;
				CLANG_WARN_ENUM_CONVERSION = YES;
				CLANG_WARN_INFINITE_RECURSION = YES;
				CLANG_WARN_INT_CONVERSION = YES;
				CLANG_WARN_NON_LITERAL_NULL_CONVERSION = YES;
				CLANG_WARN_OBJC_IMPLICIT_RETAIN_SELF = YES;
				CLANG_WARN_OBJC_LITERAL_CONVERSION = YES;
				CLANG_WARN_OBJC_ROOT_CLASS = YES_ERROR;
				CLANG_WARN_RANGE_LOOP_ANALYSIS = YES;
				CLANG_WARN_STRICT_PROTOTYPES = YES;
				CLANG_WARN_SUSPICIOUS_MOVE = YES;
				CLANG_WARN_UNGUARDED_AVAILABILITY = YES_AGGRESSIVE;
				CLANG_WARN_UNREACHABLE_CODE = YES;
				CLANG_WARN__DUPLICATE_METHOD_MATCH = YES;
				COPY_PHASE_STRIP = NO;
				DEBUG_INFORMATION_FORMAT = "dwarf-with-dsym";
				ENABLE_NS_ASSERTIONS = NO;
				ENABLE_STRICT_OBJC_MSGSEND = YES;
				GCC_C_LANGUAGE_STANDARD = gnu11;
				GCC_NO_COMMON_BLOCKS = YES;
				GCC_WARN_64_TO_32_BIT_CONVERSION = YES;
				GCC_WARN_ABOUT_RETURN_TYPE = YES_ERROR;
				GCC_WARN_UNDECLARED_SELECTOR = YES;
				GCC_WARN_UNINITIALIZED_AUTOS = YES_AGGRESSIVE;
				GCC_WARN_UNUSED_FUNCTION = YES;
				GCC_WARN_UNUSED_VARIABLE = YES;
				IPHONEOS_DEPLOYMENT_TARGET = 13.2;
				MTL_ENABLE_DEBUG_INFO = NO;
				MTL_FAST_MATH = YES;
				SDKROOT = iphoneos;
				SWIFT_COMPILATION_MODE = wholemodule;
				SWIFT_OPTIMIZATION_LEVEL = "-O";
				VALIDATE_PRODUCT = YES;
			};
			name = Release;
		};
		DC838520244E91FC00BA40AD /* Debug */ = {
			isa = XCBuildConfiguration;
			baseConfigurationReference = F33507A55DF10063C676242A /* Pods-Info-Med.debug.xcconfig */;
			buildSettings = {
				ASSETCATALOG_COMPILER_APPICON_NAME = AppIcon;
				CODE_SIGN_STYLE = Automatic;
				DEVELOPMENT_TEAM = QCZTAR6NWV;
				INFOPLIST_FILE = "Info-Med/Info.plist";
				IPHONEOS_DEPLOYMENT_TARGET = 13.0;
				LD_RUNPATH_SEARCH_PATHS = (
					"$(inherited)",
					"@executable_path/Frameworks",
				);
				PRODUCT_BUNDLE_IDENTIFIER = "mx.itesm.A01136536.Info-Med";
				PRODUCT_NAME = "$(TARGET_NAME)";
				SWIFT_VERSION = 5.0;
				TARGETED_DEVICE_FAMILY = 1;
			};
			name = Debug;
		};
		DC838521244E91FC00BA40AD /* Release */ = {
			isa = XCBuildConfiguration;
			baseConfigurationReference = 1745D85E49C96EF51B8DA7BE /* Pods-Info-Med.release.xcconfig */;
			buildSettings = {
				ASSETCATALOG_COMPILER_APPICON_NAME = AppIcon;
				CODE_SIGN_STYLE = Automatic;
				DEVELOPMENT_TEAM = QCZTAR6NWV;
				INFOPLIST_FILE = "Info-Med/Info.plist";
				IPHONEOS_DEPLOYMENT_TARGET = 13.0;
				LD_RUNPATH_SEARCH_PATHS = (
					"$(inherited)",
					"@executable_path/Frameworks",
				);
				PRODUCT_BUNDLE_IDENTIFIER = "mx.itesm.A01136536.Info-Med";
				PRODUCT_NAME = "$(TARGET_NAME)";
				SWIFT_VERSION = 5.0;
				TARGETED_DEVICE_FAMILY = 1;
			};
			name = Release;
		};
		DC838523244E91FC00BA40AD /* Debug */ = {
			isa = XCBuildConfiguration;
			baseConfigurationReference = A408450063D2290428FAA4B4 /* Pods-Info-MedTests.debug.xcconfig */;
			buildSettings = {
				ALWAYS_EMBED_SWIFT_STANDARD_LIBRARIES = YES;
				BUNDLE_LOADER = "$(TEST_HOST)";
				CODE_SIGN_STYLE = Automatic;
				DEVELOPMENT_TEAM = QCZTAR6NWV;
				INFOPLIST_FILE = "Info-MedTests/Info.plist";
				IPHONEOS_DEPLOYMENT_TARGET = 13.2;
				LD_RUNPATH_SEARCH_PATHS = (
					"$(inherited)",
					"@executable_path/Frameworks",
					"@loader_path/Frameworks",
				);
				PRODUCT_BUNDLE_IDENTIFIER = "mx.itesm.A01136536.Info-MedTests";
				PRODUCT_NAME = "$(TARGET_NAME)";
				SWIFT_VERSION = 5.0;
				TARGETED_DEVICE_FAMILY = "1,2";
				TEST_HOST = "$(BUILT_PRODUCTS_DIR)/Info-Med.app/Info-Med";
			};
			name = Debug;
		};
		DC838524244E91FC00BA40AD /* Release */ = {
			isa = XCBuildConfiguration;
			baseConfigurationReference = CC530C47578044D97EE7F522 /* Pods-Info-MedTests.release.xcconfig */;
			buildSettings = {
				ALWAYS_EMBED_SWIFT_STANDARD_LIBRARIES = YES;
				BUNDLE_LOADER = "$(TEST_HOST)";
				CODE_SIGN_STYLE = Automatic;
				DEVELOPMENT_TEAM = QCZTAR6NWV;
				INFOPLIST_FILE = "Info-MedTests/Info.plist";
				IPHONEOS_DEPLOYMENT_TARGET = 13.2;
				LD_RUNPATH_SEARCH_PATHS = (
					"$(inherited)",
					"@executable_path/Frameworks",
					"@loader_path/Frameworks",
				);
				PRODUCT_BUNDLE_IDENTIFIER = "mx.itesm.A01136536.Info-MedTests";
				PRODUCT_NAME = "$(TARGET_NAME)";
				SWIFT_VERSION = 5.0;
				TARGETED_DEVICE_FAMILY = "1,2";
				TEST_HOST = "$(BUILT_PRODUCTS_DIR)/Info-Med.app/Info-Med";
			};
			name = Release;
		};
		DC838526244E91FC00BA40AD /* Debug */ = {
			isa = XCBuildConfiguration;
			baseConfigurationReference = 78DD32B7A751FD85306DBE8F /* Pods-Info-Med-Info-MedUITests.debug.xcconfig */;
			buildSettings = {
				ALWAYS_EMBED_SWIFT_STANDARD_LIBRARIES = YES;
				CODE_SIGN_STYLE = Automatic;
				DEVELOPMENT_TEAM = QCZTAR6NWV;
				INFOPLIST_FILE = "Info-MedUITests/Info.plist";
				LD_RUNPATH_SEARCH_PATHS = (
					"$(inherited)",
					"@executable_path/Frameworks",
					"@loader_path/Frameworks",
				);
				PRODUCT_BUNDLE_IDENTIFIER = "mx.itesm.A01136536.Info-MedUITests";
				PRODUCT_NAME = "$(TARGET_NAME)";
				SWIFT_VERSION = 5.0;
				TARGETED_DEVICE_FAMILY = "1,2";
				TEST_TARGET_NAME = "Info-Med";
			};
			name = Debug;
		};
		DC838527244E91FC00BA40AD /* Release */ = {
			isa = XCBuildConfiguration;
			baseConfigurationReference = 6FD835AC9DFFB1A2444592E3 /* Pods-Info-Med-Info-MedUITests.release.xcconfig */;
			buildSettings = {
				ALWAYS_EMBED_SWIFT_STANDARD_LIBRARIES = YES;
				CODE_SIGN_STYLE = Automatic;
				DEVELOPMENT_TEAM = QCZTAR6NWV;
				INFOPLIST_FILE = "Info-MedUITests/Info.plist";
				LD_RUNPATH_SEARCH_PATHS = (
					"$(inherited)",
					"@executable_path/Frameworks",
					"@loader_path/Frameworks",
				);
				PRODUCT_BUNDLE_IDENTIFIER = "mx.itesm.A01136536.Info-MedUITests";
				PRODUCT_NAME = "$(TARGET_NAME)";
				SWIFT_VERSION = 5.0;
				TARGETED_DEVICE_FAMILY = "1,2";
				TEST_TARGET_NAME = "Info-Med";
			};
			name = Release;
		};
/* End XCBuildConfiguration section */

/* Begin XCConfigurationList section */
		DC8384ED244E91FB00BA40AD /* Build configuration list for PBXProject "Info-Med" */ = {
			isa = XCConfigurationList;
			buildConfigurations = (
				DC83851D244E91FC00BA40AD /* Debug */,
				DC83851E244E91FC00BA40AD /* Release */,
			);
			defaultConfigurationIsVisible = 0;
			defaultConfigurationName = Release;
		};
		DC83851F244E91FC00BA40AD /* Build configuration list for PBXNativeTarget "Info-Med" */ = {
			isa = XCConfigurationList;
			buildConfigurations = (
				DC838520244E91FC00BA40AD /* Debug */,
				DC838521244E91FC00BA40AD /* Release */,
			);
			defaultConfigurationIsVisible = 0;
			defaultConfigurationName = Release;
		};
		DC838522244E91FC00BA40AD /* Build configuration list for PBXNativeTarget "Info-MedTests" */ = {
			isa = XCConfigurationList;
			buildConfigurations = (
				DC838523244E91FC00BA40AD /* Debug */,
				DC838524244E91FC00BA40AD /* Release */,
			);
			defaultConfigurationIsVisible = 0;
			defaultConfigurationName = Release;
		};
		DC838525244E91FC00BA40AD /* Build configuration list for PBXNativeTarget "Info-MedUITests" */ = {
			isa = XCConfigurationList;
			buildConfigurations = (
				DC838526244E91FC00BA40AD /* Debug */,
				DC838527244E91FC00BA40AD /* Release */,
			);
			defaultConfigurationIsVisible = 0;
			defaultConfigurationName = Release;
		};
/* End XCConfigurationList section */

/* Begin XCVersionGroup section */
		DC8384FE244E91FB00BA40AD /* Info_Med.xcdatamodeld */ = {
			isa = XCVersionGroup;
			children = (
				DC8384FF244E91FB00BA40AD /* Info_Med.xcdatamodel */,
			);
			currentVersion = DC8384FF244E91FB00BA40AD /* Info_Med.xcdatamodel */;
			path = Info_Med.xcdatamodeld;
			sourceTree = "<group>";
			versionGroupType = wrapper.xcdatamodel;
		};
/* End XCVersionGroup section */
	};
	rootObject = DC8384EA244E91FB00BA40AD /* Project object */;
}
